
Microsoft Visual Studio Solution File, Format Version 12.00
# Visual Studio Version 17
VisualStudioVersion = 17.5.33530.505
MinimumVisualStudioVersion = 10.0.40219.1
Project("{9A15103F-12F7-5223-BC24-8B1E7A4F1144}") = "API", "src\API\API.csproj", "{3EB11D51-4114-225F-B765-10BB2344D220}"
EndProject
Project("{9A15103F-12F7-5223-BC24-8B1E7A4F1144}") = "Application", "src\Core\Application\Application.csproj", "{3F9C2BDD-B55A-242E-A66A-DE3513679DEA}"
EndProject
Project("{9A15103F-12F7-5223-BC24-8B1E7A4F1144}") = "Domain", "src\Core\Domain\Domain.csproj", "{222E2535-64AB-2424-801E-6EF773220877}"
EndProject
Project("{9A15103F-12F7-5223-BC24-8B1E7A4F1144}") = "Infrastructure", "src\Infrastructure\Infrastructure\Infrastructure.csproj", "{43CBE286-AA5B-24F5-B6AF-2E3F26A3C757}"
EndProject
Global
	GlobalSection(SolutionConfigurationPlatforms) = preSolution
		Debug|Any CPU = Debug|Any CPU
		Release|Any CPU = Release|Any CPU
	EndGlobalSection
	GlobalSection(ProjectConfigurationPlatforms) = postSolution
		{3EB11D51-4114-225F-B765-10BB2344D220}.Debug|Any CPU.ActiveCfg = Debug|Any CPU
		{3EB11D51-4114-225F-B765-10BB2344D220}.Debug|Any CPU.Build.0 = Debug|Any CPU
		{3EB11D51-4114-225F-B765-10BB2344D220}.Release|Any CPU.ActiveCfg = Release|Any CPU
		{3EB11D51-4114-225F-B765-10BB2344D220}.Release|Any CPU.Build.0 = Release|Any CPU
		{3F9C2BDD-B55A-242E-A66A-DE3513679DEA}.Debug|Any CPU.ActiveCfg = Debug|Any CPU
		{3F9C2BDD-B55A-242E-A66A-DE3513679DEA}.Debug|Any CPU.Build.0 = Debug|Any CPU
		{3F9C2BDD-B55A-242E-A66A-DE3513679DEA}.Release|Any CPU.ActiveCfg = Release|Any CPU
		{3F9C2BDD-B55A-242E-A66A-DE3513679DEA}.Release|Any CPU.Build.0 = Release|Any CPU
		{222E2535-64AB-2424-801E-6EF773220877}.Debug|Any CPU.ActiveCfg = Debug|Any CPU
		{222E2535-64AB-2424-801E-6EF773220877}.Debug|Any CPU.Build.0 = Debug|Any CPU
		{222E2535-64AB-2424-801E-6EF773220877}.Release|Any CPU.ActiveCfg = Release|Any CPU
		{222E2535-64AB-2424-801E-6EF773220877}.Release|Any CPU.Build.0 = Release|Any CPU
		{43CBE286-AA5B-24F5-B6AF-2E3F26A3C757}.Debug|Any CPU.ActiveCfg = Debug|Any CPU
		{43CBE286-AA5B-24F5-B6AF-2E3F26A3C757}.Debug|Any CPU.Build.0 = Debug|Any CPU
		{43CBE286-AA5B-24F5-B6AF-2E3F26A3C757}.Release|Any CPU.ActiveCfg = Release|Any CPU
		{43CBE286-AA5B-24F5-B6AF-2E3F26A3C757}.Release|Any CPU.Build.0 = Release|Any CPU
	EndGlobalSection
	GlobalSection(SolutionProperties) = preSolution
		HideSolutionNode = FALSE
	EndGlobalSection
EndGlobal
